
Microsoft Visual Studio Solution File, Format Version 12.00
# Visual Studio Version 17
VisualStudioVersion = 17.0.32014.148
MinimumVisualStudioVersion = 10.0.40219.1
Project("{FAE04EC0-301F-11D3-BF4B-00C04F79EFBC}") = "WebapiPlayground", "WebapiPlayground\WebapiPlayground.csproj", "{7E876E05-32D4-4494-96DD-F8BA64265BA8}"
EndProject
Global
	GlobalSection(SolutionConfigurationPlatforms) = preSolution
		Debug|Any CPU = Debug|Any CPU
		Release|Any CPU = Release|Any CPU
	EndGlobalSection
	GlobalSection(ProjectConfigurationPlatforms) = postSolution
		{7E876E05-32D4-4494-96DD-F8BA64265BA8}.Debug|Any CPU.ActiveCfg = Debug|Any CPU
		{7E876E05-32D4-4494-96DD-F8BA64265BA8}.Debug|Any CPU.Build.0 = Debug|Any CPU
		{7E876E05-32D4-4494-96DD-F8BA64265BA8}.Release|Any CPU.ActiveCfg = Release|Any CPU
		{7E876E05-32D4-4494-96DD-F8BA64265BA8}.Release|Any CPU.Build.0 = Release|Any CPU
	EndGlobalSection
	GlobalSection(SolutionProperties) = preSolution
		HideSolutionNode = FALSE
	EndGlobalSection
	GlobalSection(ExtensibilityGlobals) = postSolution
		SolutionGuid = {0360F5C5-E843-417E-8F5C-C6FC644E2724}
	EndGlobalSection
EndGlobal
